
Microsoft Visual Studio Solution File, Format Version 12.00
# Visual Studio Version 16
VisualStudioVersion = 16.0.31829.152
MinimumVisualStudioVersion = 10.0.40219.1
Project("{FAE04EC0-301F-11D3-BF4B-00C04F79EFBC}") = "Timer", "Timer.csproj", "{92A76365-D4BF-473B-8CEE-6458442C8969}"
EndProject
Global
	GlobalSection(SolutionConfigurationPlatforms) = preSolution
		Debug|Any CPU = Debug|Any CPU
		Release|Any CPU = Release|Any CPU
	EndGlobalSection
	GlobalSection(ProjectConfigurationPlatforms) = postSolution
		{92A76365-D4BF-473B-8CEE-6458442C8969}.Debug|Any CPU.ActiveCfg = Debug|Any CPU
		{92A76365-D4BF-473B-8CEE-6458442C8969}.Debug|Any CPU.Build.0 = Debug|Any CPU
		{92A76365-D4BF-473B-8CEE-6458442C8969}.Release|Any CPU.ActiveCfg = Release|Any CPU
		{92A76365-D4BF-473B-8CEE-6458442C8969}.Release|Any CPU.Build.0 = Release|Any CPU
	EndGlobalSection
	GlobalSection(SolutionProperties) = preSolution
		HideSolutionNode = FALSE
	EndGlobalSection
	GlobalSection(ExtensibilityGlobals) = postSolution
		SolutionGuid = {AD7FC235-2910-4358-9892-23FA3A10DE19}
	EndGlobalSection
EndGlobal
